
Microsoft Visual Studio Solution File, Format Version 12.00
# Visual Studio 15
VisualStudioVersion = 15.0.27130.0
MinimumVisualStudioVersion = 10.0.40219.1
Project("{9A19103F-16F7-4668-BE54-9A1E7A4F7556}") = "WrappedSqlFileStream", "WrappedSqlFileStream\WrappedSqlFileStream.csproj", "{F1161625-3309-4506-AA03-E50C1B02088C}"
EndProject
Project("{9A19103F-16F7-4668-BE54-9A1E7A4F7556}") = "WrappedSqlFileStream.Mapping.NHibernate", "WrappedSqlFileStream.Mapping.NHibernate\WrappedSqlFileStream.Mapping.NHibernate.csproj", "{0701FA3D-0520-4608-8CEF-0140A830904A}"
EndProject
Project("{9A19103F-16F7-4668-BE54-9A1E7A4F7556}") = "Samples", "Samples\Samples.csproj", "{C9441972-806C-4792-AE5C-42FDC23422F0}"
EndProject
Global
	GlobalSection(SolutionConfigurationPlatforms) = preSolution
		Debug|Any CPU = Debug|Any CPU
		Release|Any CPU = Release|Any CPU
	EndGlobalSection
	GlobalSection(ProjectConfigurationPlatforms) = postSolution
		{F1161625-3309-4506-AA03-E50C1B02088C}.Debug|Any CPU.ActiveCfg = Debug|Any CPU
		{F1161625-3309-4506-AA03-E50C1B02088C}.Debug|Any CPU.Build.0 = Debug|Any CPU
		{F1161625-3309-4506-AA03-E50C1B02088C}.Release|Any CPU.ActiveCfg = Release|Any CPU
		{F1161625-3309-4506-AA03-E50C1B02088C}.Release|Any CPU.Build.0 = Release|Any CPU
		{0701FA3D-0520-4608-8CEF-0140A830904A}.Debug|Any CPU.ActiveCfg = Debug|Any CPU
		{0701FA3D-0520-4608-8CEF-0140A830904A}.Debug|Any CPU.Build.0 = Debug|Any CPU
		{0701FA3D-0520-4608-8CEF-0140A830904A}.Release|Any CPU.ActiveCfg = Release|Any CPU
		{0701FA3D-0520-4608-8CEF-0140A830904A}.Release|Any CPU.Build.0 = Release|Any CPU
		{C9441972-806C-4792-AE5C-42FDC23422F0}.Debug|Any CPU.ActiveCfg = Debug|Any CPU
		{C9441972-806C-4792-AE5C-42FDC23422F0}.Debug|Any CPU.Build.0 = Debug|Any CPU
		{C9441972-806C-4792-AE5C-42FDC23422F0}.Release|Any CPU.ActiveCfg = Release|Any CPU
		{C9441972-806C-4792-AE5C-42FDC23422F0}.Release|Any CPU.Build.0 = Release|Any CPU
	EndGlobalSection
	GlobalSection(SolutionProperties) = preSolution
		HideSolutionNode = FALSE
	EndGlobalSection
	GlobalSection(ExtensibilityGlobals) = postSolution
		SolutionGuid = {27336786-5052-473A-8FDC-92FD07EAB225}
	EndGlobalSection
EndGlobal
